{
  "nodes": {
    "flake-compat": {
      "flake": false,
      "locked": {
        "lastModified": 1648199409,
        "narHash": "sha256-JwPKdC2PoVBkG6E+eWw3j6BMR6sL3COpYWfif7RVb8Y=",
        "owner": "edolstra",
        "repo": "flake-compat",
        "rev": "64a525ee38886ab9028e6f61790de0832aa3ef03",
        "type": "github"
      },
      "original": {
        "owner": "edolstra",
        "repo": "flake-compat",
        "type": "github"
      }
    },
    "highwayhash": {
      "flake": false,
      "locked": {
        "lastModified": 1649242168,
        "narHash": "sha256-H4vxQutvw+2Z/2Zcnbb/ZcxZyfP/EdXivWbTTCW/fSo=",
        "owner": "google",
        "repo": "highwayhash",
        "rev": "c13d28517a4db259d738ea4886b1f00352a3cc33",
        "type": "github"
      },
      "original": {
        "owner": "google",
        "repo": "highwayhash",
        "type": "github"
      }
    },
    "nixpkgs": {
      "locked": {
        "lastModified": 1650143261,
        "narHash": "sha256-KI3IDHAtXG/7Uu1gNuuy6ovKqP/d6OhV0HwCWIKx0Aw=",
        "owner": "NixOS",
        "repo": "nixpkgs",
        "rev": "0a862f558d4001c62f15f652b1b907002dc1e9b9",
        "type": "github"
      },
      "original": {
        "id": "nixpkgs",
        "ref": "nixos-21.11",
        "type": "indirect"
      }
    },
    "root": {
      "inputs": {
        "flake-compat": "flake-compat",
        "highwayhash": "highwayhash",
        "nixpkgs": "nixpkgs",
        "utils": "utils"
      }
    },
    "utils": {
      "locked": {
        "lastModified": 1649676176,
        "narHash": "sha256-OWKJratjt2RW151VUlJPRALb7OU2S5s+f0vLj4o1bHM=",
        "owner": "numtide",
        "repo": "flake-utils",
        "rev": "a4b154ebbdc88c8498a5c7b01589addc9e9cb678",
        "type": "github"
      },
      "original": {
        "owner": "numtide",
        "repo": "flake-utils",
        "type": "github"
      }
    }
  },
  "root": "root",
  "version": 7
}
